
Microsoft Visual Studio Solution File, Format Version 12.00
# Visual Studio Version 16
VisualStudioVersion = 16.0.31005.135
MinimumVisualStudioVersion = 10.0.40219.1
Project("{FAE04EC0-301F-11D3-BF4B-00C04F79EFBC}") = "Web Forms from MS Documentation", "Web Forms from MS Documentation\Web Forms from MS Documentation.csproj", "{B9EA17B7-14EF-455A-8242-65272B86CF4A}"
EndProject
Global
	GlobalSection(SolutionConfigurationPlatforms) = preSolution
		Debug|Any CPU = Debug|Any CPU
		Release|Any CPU = Release|Any CPU
	EndGlobalSection
	GlobalSection(ProjectConfigurationPlatforms) = postSolution
		{B9EA17B7-14EF-455A-8242-65272B86CF4A}.Debug|Any CPU.ActiveCfg = Debug|Any CPU
		{B9EA17B7-14EF-455A-8242-65272B86CF4A}.Debug|Any CPU.Build.0 = Debug|Any CPU
		{B9EA17B7-14EF-455A-8242-65272B86CF4A}.Release|Any CPU.ActiveCfg = Release|Any CPU
		{B9EA17B7-14EF-455A-8242-65272B86CF4A}.Release|Any CPU.Build.0 = Release|Any CPU
	EndGlobalSection
	GlobalSection(SolutionProperties) = preSolution
		HideSolutionNode = FALSE
	EndGlobalSection
	GlobalSection(ExtensibilityGlobals) = postSolution
		SolutionGuid = {C1BEBA32-8DE9-4E23-866B-973789454739}
	EndGlobalSection
EndGlobal
